{
  "name": "deployer",
  "version": "1.0.0",
  "lockfileVersion": 2,
  "requires": true,
  "packages": {
    "": {
      "name": "deployer",
      "version": "1.0.0",
      "license": "MIT",
      "dependencies": {
        "bootstrap": "^3.4.1",
        "font-awesome": "^4.7.0",
        "jquery": "^1.12.4"
      },
      "devDependencies": {}
    },
    "node_modules/bootstrap": {
      "version": "3.4.1",
      "license": "MIT",
      "engines": {
        "node": ">=6"
      }
    },
    "node_modules/font-awesome": {
      "version": "4.7.0",
      "license": "(OFL-1.1 AND MIT)",
      "engines": {
        "node": ">=0.10.3"
      }
    },
    "node_modules/jquery": {
      "version": "1.12.4",
      "license": "MIT"
    }
  },
  "dependencies": {
    "bootstrap": {
      "version": "3.4.1"
    },
    "font-awesome": {
      "version": "4.7.0"
    },
    "jquery": {
      "version": "1.12.4"
    }
  }
}
